{
  "name": "camunda-modeler-plugin-helpers",
  "version": "3.4.0-alpha.0",
  "lockfileVersion": 1,
  "requires": true,
  "dependencies": {
    "min-dash": {
      "version": "3.5.2",
      "resolved": "https://registry.npmjs.org/min-dash/-/min-dash-3.5.2.tgz",
      "integrity": "sha512-YVbJZUtnzT5QsgJUp9H9uyJTW6NJgswFqI27RI/+MSox860uIjaGMbSQBftEzbMXiJVRG24hpoIh3SG666SHgA=="
    }
  }
}
