{
  "name": "camunda-modeler-plugin-helpers",
  "version": "5.1.0",
  "lockfileVersion": 2,
  "requires": true,
  "packages": {
    "": {
      "name": "camunda-modeler-plugin-helpers",
      "version": "5.1.0",
      "license": "MIT",
      "dependencies": {
        "min-dash": "^4.0.0",
        "semver-compare": "^1.0.0"
      }
    },
    "node_modules/min-dash": {
      "version": "4.0.0",
      "resolved": "https://registry.npmjs.org/min-dash/-/min-dash-4.0.0.tgz",
      "integrity": "sha512-piIvVJ/nxuA4+LpnYIzF6oCtRvdtDvQJteSC+H768H2UvPKFKIt5oiJnUVtr0ZdchneXTcvUZ91vIrvWVIN0AA=="
    },
    "node_modules/semver-compare": {
      "version": "1.0.0",
      "resolved": "https://registry.npmjs.org/semver-compare/-/semver-compare-1.0.0.tgz",
      "integrity": "sha512-YM3/ITh2MJ5MtzaM429anh+x2jiLVjqILF4m4oyQB18W7Ggea7BfqdH/wGMK7dDiMghv/6WG7znWMwUDzJiXow=="
    }
  },
  "dependencies": {
    "min-dash": {
      "version": "4.0.0",
      "resolved": "https://registry.npmjs.org/min-dash/-/min-dash-4.0.0.tgz",
      "integrity": "sha512-piIvVJ/nxuA4+LpnYIzF6oCtRvdtDvQJteSC+H768H2UvPKFKIt5oiJnUVtr0ZdchneXTcvUZ91vIrvWVIN0AA=="
    },
    "semver-compare": {
      "version": "1.0.0",
      "resolved": "https://registry.npmjs.org/semver-compare/-/semver-compare-1.0.0.tgz",
      "integrity": "sha512-YM3/ITh2MJ5MtzaM429anh+x2jiLVjqILF4m4oyQB18W7Ggea7BfqdH/wGMK7dDiMghv/6WG7znWMwUDzJiXow=="
    }
  }
}
